
Microsoft Visual Studio Solution File, Format Version 12.00
# Visual Studio Version 17
VisualStudioVersion = 17.0.32126.317
MinimumVisualStudioVersion = 10.0.40219.1
Project("{2150E333-8FDC-42A3-9474-1A3956D46DE8}") = "src", "src", "{011DA8A3-83CC-40D3-905A-A4C48A7BA71E}"
EndProject
Project("{2150E333-8FDC-42A3-9474-1A3956D46DE8}") = "test", "test", "{1B4856E5-F0F1-4E9F-9BB0-DCF79B6CC21A}"
EndProject
Project("{FAE04EC0-301F-11D3-BF4B-00C04F79EFBC}") = "Kar.Banking.Domain", "Kar.Banking.Domain\Kar.Banking.Domain.csproj", "{033CE259-CB67-4549-BF14-A0548363CCC7}"
EndProject
Project("{FAE04EC0-301F-11D3-BF4B-00C04F79EFBC}") = "Kar.Banking.Application", "Kar.Banking.Application\Kar.Banking.Application.csproj", "{394D7BA2-7913-44E0-A139-4EE8B04BD70A}"
EndProject
Project("{FAE04EC0-301F-11D3-BF4B-00C04F79EFBC}") = "Kar.Banking.Tests", "Kar.Banking.Tests\Kar.Banking.Tests.csproj", "{75FED666-CFE9-4465-8E53-3358CDF549E9}"
EndProject
Global
	GlobalSection(SolutionConfigurationPlatforms) = preSolution
		Debug|Any CPU = Debug|Any CPU
		Release|Any CPU = Release|Any CPU
	EndGlobalSection
	GlobalSection(ProjectConfigurationPlatforms) = postSolution
		{033CE259-CB67-4549-BF14-A0548363CCC7}.Debug|Any CPU.ActiveCfg = Debug|Any CPU
		{033CE259-CB67-4549-BF14-A0548363CCC7}.Debug|Any CPU.Build.0 = Debug|Any CPU
		{033CE259-CB67-4549-BF14-A0548363CCC7}.Release|Any CPU.ActiveCfg = Release|Any CPU
		{033CE259-CB67-4549-BF14-A0548363CCC7}.Release|Any CPU.Build.0 = Release|Any CPU
		{394D7BA2-7913-44E0-A139-4EE8B04BD70A}.Debug|Any CPU.ActiveCfg = Debug|Any CPU
		{394D7BA2-7913-44E0-A139-4EE8B04BD70A}.Debug|Any CPU.Build.0 = Debug|Any CPU
		{394D7BA2-7913-44E0-A139-4EE8B04BD70A}.Release|Any CPU.ActiveCfg = Release|Any CPU
		{394D7BA2-7913-44E0-A139-4EE8B04BD70A}.Release|Any CPU.Build.0 = Release|Any CPU
		{75FED666-CFE9-4465-8E53-3358CDF549E9}.Debug|Any CPU.ActiveCfg = Debug|Any CPU
		{75FED666-CFE9-4465-8E53-3358CDF549E9}.Debug|Any CPU.Build.0 = Debug|Any CPU
		{75FED666-CFE9-4465-8E53-3358CDF549E9}.Release|Any CPU.ActiveCfg = Release|Any CPU
		{75FED666-CFE9-4465-8E53-3358CDF549E9}.Release|Any CPU.Build.0 = Release|Any CPU
	EndGlobalSection
	GlobalSection(SolutionProperties) = preSolution
		HideSolutionNode = FALSE
	EndGlobalSection
	GlobalSection(NestedProjects) = preSolution
		{033CE259-CB67-4549-BF14-A0548363CCC7} = {011DA8A3-83CC-40D3-905A-A4C48A7BA71E}
		{394D7BA2-7913-44E0-A139-4EE8B04BD70A} = {011DA8A3-83CC-40D3-905A-A4C48A7BA71E}
		{75FED666-CFE9-4465-8E53-3358CDF549E9} = {1B4856E5-F0F1-4E9F-9BB0-DCF79B6CC21A}
	EndGlobalSection
	GlobalSection(ExtensibilityGlobals) = postSolution
		SolutionGuid = {D7561B7C-8DE0-4CEF-9BB0-7A3CC045B8D2}
	EndGlobalSection
EndGlobal
